
Microsoft Visual Studio Solution File, Format Version 12.00
# Visual Studio 15
VisualStudioVersion = 15.0.27428.2037
MinimumVisualStudioVersion = 10.0.40219.1
Project("{FAE04EC0-301F-11D3-BF4B-00C04F79EFBC}") = "CodeforcesEduHacking", "CodeforcesEduHacking\CodeforcesEduHacking.csproj", "{9684926F-D45B-4326-8F61-1DF3483EB908}"
EndProject
Project("{FAE04EC0-301F-11D3-BF4B-00C04F79EFBC}") = "CodeforcesAPI", "CodeforcesAPI\CodeforcesAPI.csproj", "{87844034-2209-434F-9101-AA3FC5A169E0}"
EndProject
Project("{FAE04EC0-301F-11D3-BF4B-00C04F79EFBC}") = "Test", "Test\Test.csproj", "{EDB38505-843C-4704-A654-B5AF62350486}"
EndProject
Global
	GlobalSection(SolutionConfigurationPlatforms) = preSolution
		Debug|Any CPU = Debug|Any CPU
		Release|Any CPU = Release|Any CPU
	EndGlobalSection
	GlobalSection(ProjectConfigurationPlatforms) = postSolution
		{9684926F-D45B-4326-8F61-1DF3483EB908}.Debug|Any CPU.ActiveCfg = Debug|Any CPU
		{9684926F-D45B-4326-8F61-1DF3483EB908}.Debug|Any CPU.Build.0 = Debug|Any CPU
		{9684926F-D45B-4326-8F61-1DF3483EB908}.Release|Any CPU.ActiveCfg = Release|Any CPU
		{9684926F-D45B-4326-8F61-1DF3483EB908}.Release|Any CPU.Build.0 = Release|Any CPU
		{87844034-2209-434F-9101-AA3FC5A169E0}.Debug|Any CPU.ActiveCfg = Debug|Any CPU
		{87844034-2209-434F-9101-AA3FC5A169E0}.Debug|Any CPU.Build.0 = Debug|Any CPU
		{87844034-2209-434F-9101-AA3FC5A169E0}.Release|Any CPU.ActiveCfg = Release|Any CPU
		{87844034-2209-434F-9101-AA3FC5A169E0}.Release|Any CPU.Build.0 = Release|Any CPU
		{EDB38505-843C-4704-A654-B5AF62350486}.Debug|Any CPU.ActiveCfg = Debug|Any CPU
		{EDB38505-843C-4704-A654-B5AF62350486}.Debug|Any CPU.Build.0 = Debug|Any CPU
		{EDB38505-843C-4704-A654-B5AF62350486}.Release|Any CPU.ActiveCfg = Release|Any CPU
		{EDB38505-843C-4704-A654-B5AF62350486}.Release|Any CPU.Build.0 = Release|Any CPU
	EndGlobalSection
	GlobalSection(SolutionProperties) = preSolution
		HideSolutionNode = FALSE
	EndGlobalSection
	GlobalSection(ExtensibilityGlobals) = postSolution
		SolutionGuid = {ACAE5F15-2AAB-49E7-812E-43C3754BD4FB}
	EndGlobalSection
EndGlobal
